Microsoft Visual Studio Solution File, Format Version 12.00
# Visual Studio 2012
Project("{FAE04EC0-301F-11D3-BF4B-00C04F79EFBC}") = "tutorial", "tutorial.csproj", "{8296E08E-2321-4B9E-8C2F-170D7E6E660E}"
EndProject
Global
	GlobalSection(SolutionConfigurationPlatforms) = preSolution
	Debug|Any CPU = Debug|Any CPU
	ExportDebug|Any CPU = ExportDebug|Any CPU
	ExportRelease|Any CPU = ExportRelease|Any CPU
	EndGlobalSection
	GlobalSection(ProjectConfigurationPlatforms) = postSolution
		{8296E08E-2321-4B9E-8C2F-170D7E6E660E}.Debug|Any CPU.ActiveCfg = Debug|Any CPU
		{8296E08E-2321-4B9E-8C2F-170D7E6E660E}.Debug|Any CPU.Build.0 = Debug|Any CPU
		{8296E08E-2321-4B9E-8C2F-170D7E6E660E}.ExportDebug|Any CPU.ActiveCfg = ExportDebug|Any CPU
		{8296E08E-2321-4B9E-8C2F-170D7E6E660E}.ExportDebug|Any CPU.Build.0 = ExportDebug|Any CPU
		{8296E08E-2321-4B9E-8C2F-170D7E6E660E}.ExportRelease|Any CPU.ActiveCfg = ExportRelease|Any CPU
		{8296E08E-2321-4B9E-8C2F-170D7E6E660E}.ExportRelease|Any CPU.Build.0 = ExportRelease|Any CPU
	EndGlobalSection
EndGlobal
